
Microsoft Visual Studio Solution File, Format Version 12.00
# Visual Studio Version 17
VisualStudioVersion = 17.8.34330.188
MinimumVisualStudioVersion = 10.0.40219.1
Project("{FAE04EC0-301F-11D3-BF4B-00C04F79EFBC}") = "huy canh", "huy canh\huy canh.csproj", "{CE858EF8-9BC1-4A94-A4E2-CD96562B9317}"
EndProject
Global
	GlobalSection(SolutionConfigurationPlatforms) = preSolution
		Debug|Any CPU = Debug|Any CPU
		Release|Any CPU = Release|Any CPU
	EndGlobalSection
	GlobalSection(ProjectConfigurationPlatforms) = postSolution
		{CE858EF8-9BC1-4A94-A4E2-CD96562B9317}.Debug|Any CPU.ActiveCfg = Debug|Any CPU
		{CE858EF8-9BC1-4A94-A4E2-CD96562B9317}.Debug|Any CPU.Build.0 = Debug|Any CPU
		{CE858EF8-9BC1-4A94-A4E2-CD96562B9317}.Release|Any CPU.ActiveCfg = Release|Any CPU
		{CE858EF8-9BC1-4A94-A4E2-CD96562B9317}.Release|Any CPU.Build.0 = Release|Any CPU
	EndGlobalSection
	GlobalSection(SolutionProperties) = preSolution
		HideSolutionNode = FALSE
	EndGlobalSection
	GlobalSection(ExtensibilityGlobals) = postSolution
		SolutionGuid = {80D3E69E-DAA4-4E05-8C8F-FD7FB79C37C3}
	EndGlobalSection
EndGlobal
